
Microsoft Visual Studio Solution File, Format Version 12.00
# Visual Studio Version 17
VisualStudioVersion = 17.11.35219.272
MinimumVisualStudioVersion = 10.0.40219.1
Project("{FAE04EC0-301F-11D3-BF4B-00C04F79EFBC}") = "MEdiaspelaren_Programmering2", "MEdiaspelaren_Programmering2\MEdiaspelaren_Programmering2.csproj", "{32D37D1D-DA26-4A96-A0A8-AA8BB402BC84}"
EndProject
Global
	GlobalSection(SolutionConfigurationPlatforms) = preSolution
		Debug|Any CPU = Debug|Any CPU
		Release|Any CPU = Release|Any CPU
	EndGlobalSection
	GlobalSection(ProjectConfigurationPlatforms) = postSolution
		{32D37D1D-DA26-4A96-A0A8-AA8BB402BC84}.Debug|Any CPU.ActiveCfg = Debug|Any CPU
		{32D37D1D-DA26-4A96-A0A8-AA8BB402BC84}.Debug|Any CPU.Build.0 = Debug|Any CPU
		{32D37D1D-DA26-4A96-A0A8-AA8BB402BC84}.Release|Any CPU.ActiveCfg = Release|Any CPU
		{32D37D1D-DA26-4A96-A0A8-AA8BB402BC84}.Release|Any CPU.Build.0 = Release|Any CPU
	EndGlobalSection
	GlobalSection(SolutionProperties) = preSolution
		HideSolutionNode = FALSE
	EndGlobalSection
	GlobalSection(ExtensibilityGlobals) = postSolution
		SolutionGuid = {F99C6F35-16BC-48E3-A3A4-0A7267E5BAD3}
	EndGlobalSection
EndGlobal
